{
  "name": "xx-starter-miniapp",
  "lockfileVersion": 3,
  "requires": true,
  "packages": {
    "": {
      "name": "xx-starter-miniapp",
      "devDependencies": {
        "@cloudbase/cli": "^3.7.3"
      }
    },
    "node_modules/@cloudbase/cli": {
      "version": "3.7.3",
      "resolved": "https://mirrors.cloud.tencent.com/npm/@cloudbase/cli/-/cli-3.7.3.tgz",
      "integrity": "sha512-S6XMXxHIyDFcEqtHaK+TJSEKmerglcBEZyhq5iRfDwDcQRnz2u8BsZkmkfWXTC4bYjJ2wVoY26TG2RrfkbjKzA==",
      "dev": true,
      "bin": {
        "cloudbase": "bin/cloudbase",
        "cloudbase-mcp": "bin/cloudbase-mcp",
        "tcb": "bin/tcb"
      }
    }
  }
}
